
Microsoft Visual Studio Solution File, Format Version 12.00
# Visual Studio 15
VisualStudioVersion = 15.0.28307.102
MinimumVisualStudioVersion = 10.0.40219.1
Project("{FAE04EC0-301F-11D3-BF4B-00C04F79EFBC}") = "AjaxDemo", "AjaxDemo\AjaxDemo.csproj", "{C00420C0-82A3-4034-BA28-10C95A03D30E}"
EndProject
Global
	GlobalSection(SolutionConfigurationPlatforms) = preSolution
		Debug|Any CPU = Debug|Any CPU
		Release|Any CPU = Release|Any CPU
	EndGlobalSection
	GlobalSection(ProjectConfigurationPlatforms) = postSolution
		{C00420C0-82A3-4034-BA28-10C95A03D30E}.Debug|Any CPU.ActiveCfg = Debug|Any CPU
		{C00420C0-82A3-4034-BA28-10C95A03D30E}.Debug|Any CPU.Build.0 = Debug|Any CPU
		{C00420C0-82A3-4034-BA28-10C95A03D30E}.Release|Any CPU.ActiveCfg = Release|Any CPU
		{C00420C0-82A3-4034-BA28-10C95A03D30E}.Release|Any CPU.Build.0 = Release|Any CPU
	EndGlobalSection
	GlobalSection(SolutionProperties) = preSolution
		HideSolutionNode = FALSE
	EndGlobalSection
	GlobalSection(ExtensibilityGlobals) = postSolution
		SolutionGuid = {79ADD5F6-BDE8-491B-B5E8-746FB4FD8AAE}
	EndGlobalSection
EndGlobal
